
Microsoft Visual Studio Solution File, Format Version 12.00
# Visual Studio Version 17
VisualStudioVersion = 17.2.32526.322
MinimumVisualStudioVersion = 10.0.40219.1
Project("{9A19103F-16F7-4668-BE54-9A1E7A4F7556}") = "book-subscription-rest", "book-subscription-rest\book-subscription-rest.csproj", "{F02F2B58-9FCE-45FB-B9AE-558C34E3AE7F}"
EndProject
Project("{9A19103F-16F7-4668-BE54-9A1E7A4F7556}") = "book-subscription-entity", "book-subscription-entities\book-subscription-entity.csproj", "{E01CF2A6-3B4E-4B7C-92AC-F0ED93BAEE52}"
EndProject
Project("{9A19103F-16F7-4668-BE54-9A1E7A4F7556}") = "book-subscription-service", "book-subscription-service\book-subscription-service.csproj", "{165BA962-3D68-4BE1-AF05-8C839C72A7E6}"
EndProject
Project("{9A19103F-16F7-4668-BE54-9A1E7A4F7556}") = "book-subscription-context", "book-subscription-context\book-subscription-context.csproj", "{FEE000D0-F41C-4ADD-94C5-CF8517BFFCBB}"
EndProject
Global
	GlobalSection(SolutionConfigurationPlatforms) = preSolution
		Debug|Any CPU = Debug|Any CPU
		Release|Any CPU = Release|Any CPU
	EndGlobalSection
	GlobalSection(ProjectConfigurationPlatforms) = postSolution
		{F02F2B58-9FCE-45FB-B9AE-558C34E3AE7F}.Debug|Any CPU.ActiveCfg = Debug|Any CPU
		{F02F2B58-9FCE-45FB-B9AE-558C34E3AE7F}.Debug|Any CPU.Build.0 = Debug|Any CPU
		{F02F2B58-9FCE-45FB-B9AE-558C34E3AE7F}.Release|Any CPU.ActiveCfg = Release|Any CPU
		{F02F2B58-9FCE-45FB-B9AE-558C34E3AE7F}.Release|Any CPU.Build.0 = Release|Any CPU
		{E01CF2A6-3B4E-4B7C-92AC-F0ED93BAEE52}.Debug|Any CPU.ActiveCfg = Debug|Any CPU
		{E01CF2A6-3B4E-4B7C-92AC-F0ED93BAEE52}.Debug|Any CPU.Build.0 = Debug|Any CPU
		{E01CF2A6-3B4E-4B7C-92AC-F0ED93BAEE52}.Release|Any CPU.ActiveCfg = Release|Any CPU
		{E01CF2A6-3B4E-4B7C-92AC-F0ED93BAEE52}.Release|Any CPU.Build.0 = Release|Any CPU
		{165BA962-3D68-4BE1-AF05-8C839C72A7E6}.Debug|Any CPU.ActiveCfg = Debug|Any CPU
		{165BA962-3D68-4BE1-AF05-8C839C72A7E6}.Debug|Any CPU.Build.0 = Debug|Any CPU
		{165BA962-3D68-4BE1-AF05-8C839C72A7E6}.Release|Any CPU.ActiveCfg = Release|Any CPU
		{165BA962-3D68-4BE1-AF05-8C839C72A7E6}.Release|Any CPU.Build.0 = Release|Any CPU
		{FEE000D0-F41C-4ADD-94C5-CF8517BFFCBB}.Debug|Any CPU.ActiveCfg = Debug|Any CPU
		{FEE000D0-F41C-4ADD-94C5-CF8517BFFCBB}.Debug|Any CPU.Build.0 = Debug|Any CPU
		{FEE000D0-F41C-4ADD-94C5-CF8517BFFCBB}.Release|Any CPU.ActiveCfg = Release|Any CPU
		{FEE000D0-F41C-4ADD-94C5-CF8517BFFCBB}.Release|Any CPU.Build.0 = Release|Any CPU
	EndGlobalSection
	GlobalSection(SolutionProperties) = preSolution
		HideSolutionNode = FALSE
	EndGlobalSection
	GlobalSection(ExtensibilityGlobals) = postSolution
		SolutionGuid = {2D1E9FB8-1184-440A-AD23-8604284EE4BA}
	EndGlobalSection
EndGlobal
